
Microsoft Visual Studio Solution File, Format Version 12.00
Project("{F2A71F9B-5D33-465A-A702-920D77279786}") = "F_accord_test_linear", "F_accord_test_linear\F_accord_test_linear.fsproj", "{14CB76FB-6985-496D-B049-B29E8864BD68}"
EndProject
Global
	GlobalSection(SolutionConfigurationPlatforms) = preSolution
		Debug|Any CPU = Debug|Any CPU
		Release|Any CPU = Release|Any CPU
	EndGlobalSection
	GlobalSection(ProjectConfigurationPlatforms) = postSolution
		{14CB76FB-6985-496D-B049-B29E8864BD68}.Debug|Any CPU.ActiveCfg = Debug|Any CPU
		{14CB76FB-6985-496D-B049-B29E8864BD68}.Debug|Any CPU.Build.0 = Debug|Any CPU
		{14CB76FB-6985-496D-B049-B29E8864BD68}.Release|Any CPU.ActiveCfg = Release|Any CPU
		{14CB76FB-6985-496D-B049-B29E8864BD68}.Release|Any CPU.Build.0 = Release|Any CPU
	EndGlobalSection
EndGlobal
